// !$*UTF8*$!
{
	archiveVersion = 1;
	classes = {
	};
	objectVersion = 55;
	objects = {

/* Begin PBXBuildFile section */
		27C1BF2727B1163500EBC733 /* AppDelegate.swift in Sources */ = {isa = PBXBuildFile; fileRef = 27C1BF2627B1163500EBC733 /* AppDelegate.swift */; };
		27C1BF2927B1163500EBC733 /* SceneDelegate.swift in Sources */ = {isa = PBXBuildFile; fileRef = 27C1BF2827B1163500EBC733 /* SceneDelegate.swift */; };
		27C1BF2B27B1163500EBC733 /* ViewController.swift in Sources */ = {isa = PBXBuildFile; fileRef = 27C1BF2A27B1163500EBC733 /* ViewController.swift */; };
		27C1BF2E27B1163500EBC733 /* Main.storyboard in Resources */ = {isa = PBXBuildFile; fileRef = 27C1BF2C27B1163500EBC733 /* Main.storyboard */; };
		27C1BF3127B1163500EBC733 /* Al_sverisListesi.xcdatamodeld in Sources */ = {isa = PBXBuildFile; fileRef = 27C1BF2F27B1163500EBC733 /* Al_sverisListesi.xcdatamodeld */; };
		27C1BF3327B1163800EBC733 /* Assets.xcassets in Resources */ = {isa = PBXBuildFile; fileRef = 27C1BF3227B1163800EBC733 /* Assets.xcassets */; };
		27C1BF3627B1163800EBC733 /* LaunchScreen.storyboard in Resources */ = {isa = PBXBuildFile; fileRef = 27C1BF3427B1163800EBC733 /* LaunchScreen.storyboard */; };
/* End PBXBuildFile section */

/* Begin PBXFileReference section */
		27C1BF2327B1163500EBC733 /* AlısverisListesi.app */ = {isa = PBXFileReference; explicitFileType = wrapper.application; includeInIndex = 0; path = "AlısverisListesi.app"; sourceTree = BUILT_PRODUCTS_DIR; };
		27C1BF2627B1163500EBC733 /* AppDelegate.swift */ = {isa = PBXFileReference; lastKnownFileType = sourcecode.swift; path = AppDelegate.swift; sourceTree = "<group>"; };
		27C1BF2827B1163500EBC733 /* SceneDelegate.swift */ = {isa = PBXFileReference; lastKnownFileType = sourcecode.swift; path = SceneDelegate.swift; sourceTree = "<group>"; };
		27C1BF2A27B1163500EBC733 /* ViewController.swift */ = {isa = PBXFileReference; lastKnownFileType = sourcecode.swift; path = ViewController.swift; sourceTree = "<group>"; };
		27C1BF2D27B1163500EBC733 /* Base */ = {isa = PBXFileReference; lastKnownFileType = file.storyboard; name = Base; path = Base.lproj/Main.storyboard; sourceTree = "<group>"; };
		27C1BF3027B1163500EBC733 /* Al_sverisListesi.xcdatamodel */ = {isa = PBXFileReference; lastKnownFileType = wrapper.xcdatamodel; path = Al_sverisListesi.xcdatamodel; sourceTree = "<group>"; };
		27C1BF3227B1163800EBC733 /* Assets.xcassets */ = {isa = PBXFileReference; lastKnownFileType = folder.assetcatalog; path = Assets.xcassets; sourceTree = "<group>"; };
		27C1BF3527B1163800EBC733 /* Base */ = {isa = PBXFileReference; lastKnownFileType = file.storyboard; name = Base; path = Base.lproj/LaunchScreen.storyboard; sourceTree = "<group>"; };
		27C1BF3727B1163800EBC733 /* Info.plist */ = {isa = PBXFileReference; lastKnownFileType = text.plist.xml; path = Info.plist; sourceTree = "<group>"; };
/* End PBXFileReference section */

/* Begin PBXFrameworksBuildPhase section */
		27C1BF2027B1163500EBC733 /* Frameworks */ = {
			isa = PBXFrameworksBuildPhase;
			buildActionMask = 2147483647;
			files = (
			);
			runOnlyForDeploymentPostprocessing = 0;
		};
/* End PBXFrameworksBuildPhase section */

/* Begin PBXGroup section */
		27C1BF1A27B1163500EBC733 = {
			isa = PBXGroup;
			children = (
				27C1BF2527B1163500EBC733 /* AlısverisListesi */,
				27C1BF2427B1163500EBC733 /* Products */,
			);
			sourceTree = "<group>";
		};
		27C1BF2427B1163500EBC733 /* Products */ = {
			isa = PBXGroup;
			children = (
				27C1BF2327B1163500EBC733 /* AlısverisListesi.app */,
			);
			name = Products;
			sourceTree = "<group>";
		};
		27C1BF2527B1163500EBC733 /* AlısverisListesi */ = {
			isa = PBXGroup;
			children = (
				27C1BF2627B1163500EBC733 /* AppDelegate.swift */,
				27C1BF2827B1163500EBC733 /* SceneDelegate.swift */,
				27C1BF2A27B1163500EBC733 /* ViewController.swift */,
				27C1BF2C27B1163500EBC733 /* Main.storyboard */,
				27C1BF3227B1163800EBC733 /* Assets.xcassets */,
				27C1BF3427B1163800EBC733 /* LaunchScreen.storyboard */,
				27C1BF3727B1163800EBC733 /* Info.plist */,
				27C1BF2F27B1163500EBC733 /* Al_sverisListesi.xcdatamodeld */,
			);
			path = "AlısverisListesi";
			sourceTree = "<group>";
		};
/* End PBXGroup section */

/* Begin PBXNativeTarget section */
		27C1BF2227B1163500EBC733 /* AlısverisListesi */ = {
			isa = PBXNativeTarget;
			buildConfigurationList = 27C1BF3A27B1163800EBC733 /* Build configuration list for PBXNativeTarget "AlısverisListesi" */;
			buildPhases = (
				27C1BF1F27B1163500EBC733 /* Sources */,
				27C1BF2027B1163500EBC733 /* Frameworks */,
				27C1BF2127B1163500EBC733 /* Resources */,
			);
			buildRules = (
			);
			dependencies = (
			);
			name = "AlısverisListesi";
			productName = "AlısverisListesi";
			productReference = 27C1BF2327B1163500EBC733 /* AlısverisListesi.app */;
			productType = "com.apple.product-type.application";
		};
/* End PBXNativeTarget section */

/* Begin PBXProject section */
		27C1BF1B27B1163500EBC733 /* Project object */ = {
			isa = PBXProject;
			attributes = {
				BuildIndependentTargetsInParallel = 1;
				LastSwiftUpdateCheck = 1310;
				LastUpgradeCheck = 1310;
				TargetAttributes = {
					27C1BF2227B1163500EBC733 = {
						CreatedOnToolsVersion = 13.1;
					};
				};
			};
			buildConfigurationList = 27C1BF1E27B1163500EBC733 /* Build configuration list for PBXProject "AlısverisListesi" */;
			compatibilityVersion = "Xcode 13.0";
			developmentRegion = en;
			hasScannedForEncodings = 0;
			knownRegions = (
				en,
				Base,
			);
			mainGroup = 27C1BF1A27B1163500EBC733;
			productRefGroup = 27C1BF2427B1163500EBC733 /* Products */;
			projectDirPath = "";
			projectRoot = "";
			targets = (
				27C1BF2227B1163500EBC733 /* AlısverisListesi */,
			);
		};
/* End PBXProject section */

/* Begin PBXResourcesBuildPhase section */
		27C1BF2127B1163500EBC733 /* Resources */ = {
			isa = PBXResourcesBuildPhase;
			buildActionMask = 2147483647;
			files = (
				27C1BF3627B1163800EBC733 /* LaunchScreen.storyboard in Resources */,
				27C1BF3327B1163800EBC733 /* Assets.xcassets in Resources */,
				27C1BF2E27B1163500EBC733 /* Main.storyboard in Resources */,
			);
			runOnlyForDeploymentPostprocessing = 0;
		};
/* End PBXResourcesBuildPhase section */

/* Begin PBXSourcesBuildPhase section */
		27C1BF1F27B1163500EBC733 /* Sources */ = {
			isa = PBXSourcesBuildPhase;
			buildActionMask = 2147483647;
			files = (
				27C1BF2B27B1163500EBC733 /* ViewController.swift in Sources */,
				27C1BF2727B1163500EBC733 /* AppDelegate.swift in Sources */,
				27C1BF3127B1163500EBC733 /* Al_sverisListesi.xcdatamodeld in Sources */,
				27C1BF2927B1163500EBC733 /* SceneDelegate.swift in Sources */,
			);
			runOnlyForDeploymentPostprocessing = 0;
		};
/* End PBXSourcesBuildPhase section */

/* Begin PBXVariantGroup section */
		27C1BF2C27B1163500EBC733 /* Main.storyboard */ = {
			isa = PBXVariantGroup;
			children = (
				27C1BF2D27B1163500EBC733 /* Base */,
			);
			name = Main.storyboard;
			sourceTree = "<group>";
		};
		27C1BF3427B1163800EBC733 /* LaunchScreen.storyboard */ = {
			isa = PBXVariantGroup;
			children = (
				27C1BF3527B1163800EBC733 /* Base */,
			);
			name = LaunchScreen.storyboard;
			sourceTree = "<group>";
		};
/* End PBXVariantGroup section */

/* Begin XCBuildConfiguration section */
		27C1BF3827B1163800EBC733 /* Debug */ = {
			isa = XCBuildConfiguration;
			buildSettings = {
				ALWAYS_SEARCH_USER_PATHS = NO;
				CLANG_ANALYZER_NONNULL = YES;
				CLANG_ANALYZER_NUMBER_OBJECT_CONVERSION = YES_AGGRESSIVE;
				CLANG_CXX_LANGUAGE_STANDARD = "gnu++17";
				CLANG_CXX_LIBRARY = "libc++";
				CLANG_ENABLE_MODULES = YES;
				CLANG_ENABLE_OBJC_ARC = YES;
				CLANG_ENABLE_OBJC_WEAK = YES;
				CLANG_WARN_BLOCK_CAPTURE_AUTORELEASING = YES;
				CLANG_WARN_BOOL_CONVERSION = YES;
				CLANG_WARN_COMMA = YES;
				CLANG_WARN_CONSTANT_CONVERSION = YES;
				CLANG_WARN_DEPRECATED_OBJC_IMPLEMENTATIONS = YES;
				CLANG_WARN_DIRECT_OBJC_ISA_USAGE = YES_ERROR;
				CLANG_WARN_DOCUMENTATION_COMMENTS = YES;
				CLANG_WARN_EMPTY_BODY = YES;
				CLANG_WARN_ENUM_CONVERSION = YES;
				CLANG_WARN_INFINITE_RECURSION = YES;
				CLANG_WARN_INT_CONVERSION = YES;
				CLANG_WARN_NON_LITERAL_NULL_CONVERSION = YES;
				CLANG_WARN_OBJC_IMPLICIT_RETAIN_SELF = YES;
				CLANG_WARN_OBJC_LITERAL_CONVERSION = YES;
				CLANG_WARN_OBJC_ROOT_CLASS = YES_ERROR;
				CLANG_WARN_QUOTED_INCLUDE_IN_FRAMEWORK_HEADER = YES;
				CLANG_WARN_RANGE_LOOP_ANALYSIS = YES;
				CLANG_WARN_STRICT_PROTOTYPES = YES;
				CLANG_WARN_SUSPICIOUS_MOVE = YES;
				CLANG_WARN_UNGUARDED_AVAILABILITY = YES_AGGRESSIVE;
				CLANG_WARN_UNREACHABLE_CODE = YES;
				CLANG_WARN__DUPLICATE_METHOD_MATCH = YES;
				COPY_PHASE_STRIP = NO;
				DEBUG_INFORMATION_FORMAT = dwarf;
				ENABLE_STRICT_OBJC_MSGSEND = YES;
				ENABLE_TESTABILITY = YES;
				GCC_C_LANGUAGE_STANDARD = gnu11;
				GCC_DYNAMIC_NO_PIC = NO;
				GCC_NO_COMMON_BLOCKS = YES;
				GCC_OPTIMIZATION_LEVEL = 0;
				GCC_PREPROCESSOR_DEFINITIONS = (
					"DEBUG=1",
					"$(inherited)",
				);
				GCC_WARN_64_TO_32_BIT_CONVERSION = YES;
				GCC_WARN_ABOUT_RETURN_TYPE = YES_ERROR;
				GCC_WARN_UNDECLARED_SELECTOR = YES;
				GCC_WARN_UNINITIALIZED_AUTOS = YES_AGGRESSIVE;
				GCC_WARN_UNUSED_FUNCTION = YES;
				GCC_WARN_UNUSED_VARIABLE = YES;
				IPHONEOS_DEPLOYMENT_TARGET = 15.0;
				MTL_ENABLE_DEBUG_INFO = INCLUDE_SOURCE;
				MTL_FAST_MATH = YES;
				ONLY_ACTIVE_ARCH = YES;
				SDKROOT = iphoneos;
				SWIFT_ACTIVE_COMPILATION_CONDITIONS = DEBUG;
				SWIFT_OPTIMIZATION_LEVEL = "-Onone";
			};
			name = Debug;
		};
		27C1BF3927B1163800EBC733 /* Release */ = {
			isa = XCBuildConfiguration;
			buildSettings = {
				ALWAYS_SEARCH_USER_PATHS = NO;
				CLANG_ANALYZER_NONNULL = YES;
				CLANG_ANALYZER_NUMBER_OBJECT_CONVERSION = YES_AGGRESSIVE;
				CLANG_CXX_LANGUAGE_STANDARD = "gnu++17";
				CLANG_CXX_LIBRARY = "libc++";
				CLANG_ENABLE_MODULES = YES;
				CLANG_ENABLE_OBJC_ARC = YES;
				CLANG_ENABLE_OBJC_WEAK = YES;
				CLANG_WARN_BLOCK_CAPTURE_AUTORELEASING = YES;
				CLANG_WARN_BOOL_CONVERSION = YES;
				CLANG_WARN_COMMA = YES;
				CLANG_WARN_CONSTANT_CONVERSION = YES;
				CLANG_WARN_DEPRECATED_OBJC_IMPLEMENTATIONS = YES;
				CLANG_WARN_DIRECT_OBJC_ISA_USAGE = YES_ERROR;
				CLANG_WARN_DOCUMENTATION_COMMENTS = YES;
				CLANG_WARN_EMPTY_BODY = YES;
				CLANG_WARN_ENUM_CONVERSION = YES;
				CLANG_WARN_INFINITE_RECURSION = YES;
				CLANG_WARN_INT_CONVERSION = YES;
				CLANG_WARN_NON_LITERAL_NULL_CONVERSION = YES;
				CLANG_WARN_OBJC_IMPLICIT_RETAIN_SELF = YES;
				CLANG_WARN_OBJC_LITERAL_CONVERSION = YES;
				CLANG_WARN_OBJC_ROOT_CLASS = YES_ERROR;
				CLANG_WARN_QUOTED_INCLUDE_IN_FRAMEWORK_HEADER = YES;
				CLANG_WARN_RANGE_LOOP_ANALYSIS = YES;
				CLANG_WARN_STRICT_PROTOTYPES = YES;
				CLANG_WARN_SUSPICIOUS_MOVE = YES;
				CLANG_WARN_UNGUARDED_AVAILABILITY = YES_AGGRESSIVE;
				CLANG_WARN_UNREACHABLE_CODE = YES;
				CLANG_WARN__DUPLICATE_METHOD_MATCH = YES;
				COPY_PHASE_STRIP = NO;
				DEBUG_INFORMATION_FORMAT = "dwarf-with-dsym";
				ENABLE_NS_ASSERTIONS = NO;
				ENABLE_STRICT_OBJC_MSGSEND = YES;
				GCC_C_LANGUAGE_STANDARD = gnu11;
				GCC_NO_COMMON_BLOCKS = YES;
				GCC_WARN_64_TO_32_BIT_CONVERSION = YES;
				GCC_WARN_ABOUT_RETURN_TYPE = YES_ERROR;
				GCC_WARN_UNDECLARED_SELECTOR = YES;
				GCC_WARN_UNINITIALIZED_AUTOS = YES_AGGRESSIVE;
				GCC_WARN_UNUSED_FUNCTION = YES;
				GCC_WARN_UNUSED_VARIABLE = YES;
				IPHONEOS_DEPLOYMENT_TARGET = 15.0;
				MTL_ENABLE_DEBUG_INFO = NO;
				MTL_FAST_MATH = YES;
				SDKROOT = iphoneos;
				SWIFT_COMPILATION_MODE = wholemodule;
				SWIFT_OPTIMIZATION_LEVEL = "-O";
				VALIDATE_PRODUCT = YES;
			};
			name = Release;
		};
		27C1BF3B27B1163800EBC733 /* Debug */ = {
			isa = XCBuildConfiguration;
			buildSettings = {
				ASSETCATALOG_COMPILER_APPICON_NAME = AppIcon;
				ASSETCATALOG_COMPILER_GLOBAL_ACCENT_COLOR_NAME = AccentColor;
				CODE_SIGN_STYLE = Automatic;
				CURRENT_PROJECT_VERSION = 1;
				DEVELOPMENT_TEAM = 84VSFWP9DD;
				GENERATE_INFOPLIST_FILE = YES;
				INFOPLIST_FILE = "AlısverisListesi/Info.plist";
				INFOPLIST_KEY_UIApplicationSupportsIndirectInputEvents = YES;
				INFOPLIST_KEY_UILaunchStoryboardName = LaunchScreen;
				INFOPLIST_KEY_UIMainStoryboardFile = Main;
				INFOPLIST_KEY_UISupportedInterfaceOrientations_iPad = "UIInterfaceOrientationPortrait UIInterfaceOrientationPortraitUpsideDown UIInterfaceOrientationLandscapeLeft UIInterfaceOrientationLandscapeRight";
				INFOPLIST_KEY_UISupportedInterfaceOrientations_iPhone = "UIInterfaceOrientationPortrait UIInterfaceOrientationLandscapeLeft UIInterfaceOrientationLandscapeRight";
				LD_RUNPATH_SEARCH_PATHS = (
					"$(inherited)",
					"@executable_path/Frameworks",
				);
				MARKETING_VERSION = 1.0;
				PRODUCT_BUNDLE_IDENTIFIER = "com.firstApp.Al-sverisListesi";
				PRODUCT_NAME = "$(TARGET_NAME)";
				SWIFT_EMIT_LOC_STRINGS = YES;
				SWIFT_VERSION = 5.0;
				TARGETED_DEVICE_FAMILY = "1,2";
			};
			name = Debug;
		};
		27C1BF3C27B1163800EBC733 /* Release */ = {
			isa = XCBuildConfiguration;
			buildSettings = {
				ASSETCATALOG_COMPILER_APPICON_NAME = AppIcon;
				ASSETCATALOG_COMPILER_GLOBAL_ACCENT_COLOR_NAME = AccentColor;
				CODE_SIGN_STYLE = Automatic;
				CURRENT_PROJECT_VERSION = 1;
				DEVELOPMENT_TEAM = 84VSFWP9DD;
				GENERATE_INFOPLIST_FILE = YES;
				INFOPLIST_FILE = "AlısverisListesi/Info.plist";
				INFOPLIST_KEY_UIApplicationSupportsIndirectInputEvents = YES;
				INFOPLIST_KEY_UILaunchStoryboardName = LaunchScreen;
				INFOPLIST_KEY_UIMainStoryboardFile = Main;
				INFOPLIST_KEY_UISupportedInterfaceOrientations_iPad = "UIInterfaceOrientationPortrait UIInterfaceOrientationPortraitUpsideDown UIInterfaceOrientationLandscapeLeft UIInterfaceOrientationLandscapeRight";
				INFOPLIST_KEY_UISupportedInterfaceOrientations_iPhone = "UIInterfaceOrientationPortrait UIInterfaceOrientationLandscapeLeft UIInterfaceOrientationLandscapeRight";
				LD_RUNPATH_SEARCH_PATHS = (
					"$(inherited)",
					"@executable_path/Frameworks",
				);
				MARKETING_VERSION = 1.0;
				PRODUCT_BUNDLE_IDENTIFIER = "com.firstApp.Al-sverisListesi";
				PRODUCT_NAME = "$(TARGET_NAME)";
				SWIFT_EMIT_LOC_STRINGS = YES;
				SWIFT_VERSION = 5.0;
				TARGETED_DEVICE_FAMILY = "1,2";
			};
			name = Release;
		};
/* End XCBuildConfiguration section */

/* Begin XCConfigurationList section */
		27C1BF1E27B1163500EBC733 /* Build configuration list for PBXProject "AlısverisListesi" */ = {
			isa = XCConfigurationList;
			buildConfigurations = (
				27C1BF3827B1163800EBC733 /* Debug */,
				27C1BF3927B1163800EBC733 /* Release */,
			);
			defaultConfigurationIsVisible = 0;
			defaultConfigurationName = Release;
		};
		27C1BF3A27B1163800EBC733 /* Build configuration list for PBXNativeTarget "AlısverisListesi" */ = {
			isa = XCConfigurationList;
			buildConfigurations = (
				27C1BF3B27B1163800EBC733 /* Debug */,
				27C1BF3C27B1163800EBC733 /* Release */,
			);
			defaultConfigurationIsVisible = 0;
			defaultConfigurationName = Release;
		};
/* End XCConfigurationList section */

/* Begin XCVersionGroup section */
		27C1BF2F27B1163500EBC733 /* Al_sverisListesi.xcdatamodeld */ = {
			isa = XCVersionGroup;
			children = (
				27C1BF3027B1163500EBC733 /* Al_sverisListesi.xcdatamodel */,
			);
			currentVersion = 27C1BF3027B1163500EBC733 /* Al_sverisListesi.xcdatamodel */;
			path = Al_sverisListesi.xcdatamodeld;
			sourceTree = "<group>";
			versionGroupType = wrapper.xcdatamodel;
		};
/* End XCVersionGroup section */
	};
	rootObject = 27C1BF1B27B1163500EBC733 /* Project object */;
}
